
Microsoft Visual Studio Solution File, Format Version 12.00
# Visual Studio Version 16
VisualStudioVersion = 16.0.31019.35
MinimumVisualStudioVersion = 10.0.40219.1
Project("{9A19103F-16F7-4668-BE54-9A1E7A4F7556}") = "ConsoleAppCore", "ConsoleAppCore\ConsoleAppCore.csproj", "{83626BC2-8B86-47DF-97D6-A216BADAE34C}"
EndProject
Project("{FAE04EC0-301F-11D3-BF4B-00C04F79EFBC}") = "ConsoleAppFramework", "ConsoleAppFramework\ConsoleAppFramework.csproj", "{BEB8A063-0E8D-46ED-97C1-5595BC21E426}"
EndProject
Project("{9A19103F-16F7-4668-BE54-9A1E7A4F7556}") = "LibraryCore", "LibraryCore\LibraryCore.csproj", "{6BC89922-CEF9-4180-86D2-C8DB1ECE1FFF}"
EndProject
Project("{FAE04EC0-301F-11D3-BF4B-00C04F79EFBC}") = "LibraryFramework", "LibraryFramework\LibraryFramework.csproj", "{E65CC741-F9EB-4BEC-96A4-EF9EF42931DF}"
EndProject
Project("{9A19103F-16F7-4668-BE54-9A1E7A4F7556}") = "LibraryStandard", "LibraryStandard\LibraryStandard.csproj", "{6EF6C73E-D53F-40B3-8AD2-FD29F48A8F28}"
EndProject
Project("{9A19103F-16F7-4668-BE54-9A1E7A4F7556}") = "WebAppCore", "WebAppCore\WebAppCore.csproj", "{4E7D1EFF-B1F2-44CF-8F9A-127B13FA9685}"
EndProject
Project("{FAE04EC0-301F-11D3-BF4B-00C04F79EFBC}") = "WebAppFramework", "WebAppFramework\WebAppFramework.csproj", "{E11986E7-46AA-4102-822D-E9455904199F}"
EndProject
Project("{9A19103F-16F7-4668-BE54-9A1E7A4F7556}") = "LibraryCoreInner", "LibraryCoreInner\LibraryCoreInner.csproj", "{22972FF3-99E3-42C3-9240-F96BF6247061}"
EndProject
Project("{FAE04EC0-301F-11D3-BF4B-00C04F79EFBC}") = "LibraryFrameworkInner", "LibraryFrameworkInner\LibraryFrameworkInner.csproj", "{4F34EABD-FCB9-499E-B209-E488277C6DF4}"
EndProject
Project("{9A19103F-16F7-4668-BE54-9A1E7A4F7556}") = "LibraryStandardInner", "LibraryStandardInner\LibraryStandardInner.csproj", "{F902370A-A6A0-412E-9356-9E08627D9DC5}"
EndProject
Project("{2150E333-8FDC-42A3-9474-1A3956D46DE8}") = "Conclusion", "Conclusion", "{66DA0EC4-83BF-4BF8-AE5A-903199E8A35D}"
	ProjectSection(SolutionItems) = preProject
		Conclusion.md = Conclusion.md
	EndProjectSection
EndProject
Global
	GlobalSection(SolutionConfigurationPlatforms) = preSolution
		Debug|Any CPU = Debug|Any CPU
		Release|Any CPU = Release|Any CPU
	EndGlobalSection
	GlobalSection(ProjectConfigurationPlatforms) = postSolution
		{83626BC2-8B86-47DF-97D6-A216BADAE34C}.Debug|Any CPU.ActiveCfg = Debug|Any CPU
		{83626BC2-8B86-47DF-97D6-A216BADAE34C}.Debug|Any CPU.Build.0 = Debug|Any CPU
		{83626BC2-8B86-47DF-97D6-A216BADAE34C}.Release|Any CPU.ActiveCfg = Release|Any CPU
		{83626BC2-8B86-47DF-97D6-A216BADAE34C}.Release|Any CPU.Build.0 = Release|Any CPU
		{BEB8A063-0E8D-46ED-97C1-5595BC21E426}.Debug|Any CPU.ActiveCfg = Debug|Any CPU
		{BEB8A063-0E8D-46ED-97C1-5595BC21E426}.Debug|Any CPU.Build.0 = Debug|Any CPU
		{BEB8A063-0E8D-46ED-97C1-5595BC21E426}.Release|Any CPU.ActiveCfg = Release|Any CPU
		{BEB8A063-0E8D-46ED-97C1-5595BC21E426}.Release|Any CPU.Build.0 = Release|Any CPU
		{6BC89922-CEF9-4180-86D2-C8DB1ECE1FFF}.Debug|Any CPU.ActiveCfg = Debug|Any CPU
		{6BC89922-CEF9-4180-86D2-C8DB1ECE1FFF}.Debug|Any CPU.Build.0 = Debug|Any CPU
		{6BC89922-CEF9-4180-86D2-C8DB1ECE1FFF}.Release|Any CPU.ActiveCfg = Release|Any CPU
		{6BC89922-CEF9-4180-86D2-C8DB1ECE1FFF}.Release|Any CPU.Build.0 = Release|Any CPU
		{E65CC741-F9EB-4BEC-96A4-EF9EF42931DF}.Debug|Any CPU.ActiveCfg = Debug|Any CPU
		{E65CC741-F9EB-4BEC-96A4-EF9EF42931DF}.Debug|Any CPU.Build.0 = Debug|Any CPU
		{E65CC741-F9EB-4BEC-96A4-EF9EF42931DF}.Release|Any CPU.ActiveCfg = Release|Any CPU
		{E65CC741-F9EB-4BEC-96A4-EF9EF42931DF}.Release|Any CPU.Build.0 = Release|Any CPU
		{6EF6C73E-D53F-40B3-8AD2-FD29F48A8F28}.Debug|Any CPU.ActiveCfg = Debug|Any CPU
		{6EF6C73E-D53F-40B3-8AD2-FD29F48A8F28}.Debug|Any CPU.Build.0 = Debug|Any CPU
		{6EF6C73E-D53F-40B3-8AD2-FD29F48A8F28}.Release|Any CPU.ActiveCfg = Release|Any CPU
		{6EF6C73E-D53F-40B3-8AD2-FD29F48A8F28}.Release|Any CPU.Build.0 = Release|Any CPU
		{4E7D1EFF-B1F2-44CF-8F9A-127B13FA9685}.Debug|Any CPU.ActiveCfg = Debug|Any CPU
		{4E7D1EFF-B1F2-44CF-8F9A-127B13FA9685}.Debug|Any CPU.Build.0 = Debug|Any CPU
		{4E7D1EFF-B1F2-44CF-8F9A-127B13FA9685}.Release|Any CPU.ActiveCfg = Release|Any CPU
		{4E7D1EFF-B1F2-44CF-8F9A-127B13FA9685}.Release|Any CPU.Build.0 = Release|Any CPU
		{E11986E7-46AA-4102-822D-E9455904199F}.Debug|Any CPU.ActiveCfg = Debug|Any CPU
		{E11986E7-46AA-4102-822D-E9455904199F}.Debug|Any CPU.Build.0 = Debug|Any CPU
		{E11986E7-46AA-4102-822D-E9455904199F}.Release|Any CPU.ActiveCfg = Release|Any CPU
		{E11986E7-46AA-4102-822D-E9455904199F}.Release|Any CPU.Build.0 = Release|Any CPU
		{22972FF3-99E3-42C3-9240-F96BF6247061}.Debug|Any CPU.ActiveCfg = Debug|Any CPU
		{22972FF3-99E3-42C3-9240-F96BF6247061}.Debug|Any CPU.Build.0 = Debug|Any CPU
		{22972FF3-99E3-42C3-9240-F96BF6247061}.Release|Any CPU.ActiveCfg = Release|Any CPU
		{22972FF3-99E3-42C3-9240-F96BF6247061}.Release|Any CPU.Build.0 = Release|Any CPU
		{4F34EABD-FCB9-499E-B209-E488277C6DF4}.Debug|Any CPU.ActiveCfg = Debug|Any CPU
		{4F34EABD-FCB9-499E-B209-E488277C6DF4}.Debug|Any CPU.Build.0 = Debug|Any CPU
		{4F34EABD-FCB9-499E-B209-E488277C6DF4}.Release|Any CPU.ActiveCfg = Release|Any CPU
		{4F34EABD-FCB9-499E-B209-E488277C6DF4}.Release|Any CPU.Build.0 = Release|Any CPU
		{F902370A-A6A0-412E-9356-9E08627D9DC5}.Debug|Any CPU.ActiveCfg = Debug|Any CPU
		{F902370A-A6A0-412E-9356-9E08627D9DC5}.Debug|Any CPU.Build.0 = Debug|Any CPU
		{F902370A-A6A0-412E-9356-9E08627D9DC5}.Release|Any CPU.ActiveCfg = Release|Any CPU
		{F902370A-A6A0-412E-9356-9E08627D9DC5}.Release|Any CPU.Build.0 = Release|Any CPU
	EndGlobalSection
	GlobalSection(SolutionProperties) = preSolution
		HideSolutionNode = FALSE
	EndGlobalSection
	GlobalSection(ExtensibilityGlobals) = postSolution
		SolutionGuid = {3A8ABB6C-A719-4650-9858-94E1A574ACBA}
	EndGlobalSection
EndGlobal
