
Microsoft Visual Studio Solution File, Format Version 12.00
# Visual Studio 15
VisualStudioVersion = 15.0.27906.1
MinimumVisualStudioVersion = 10.0.40219.1
Project("{FAE04EC0-301F-11D3-BF4B-00C04F79EFBC}") = "CoreLibrary", "CoreLibrary\CoreLibrary.csproj", "{AB024E75-3EAF-4812-A9FC-4F0E981F126E}"
EndProject
Project("{FAE04EC0-301F-11D3-BF4B-00C04F79EFBC}") = "StandardLibrary", "StandardLibrary\StandardLibrary.csproj", "{B1D059D2-70B9-4491-93D1-7473F034F3FA}"
EndProject
Project("{FAE04EC0-301F-11D3-BF4B-00C04F79EFBC}") = "FrameworkLibrary", "FrameworkLibrary\FrameworkLibrary.csproj", "{E65CC741-F9EB-4BEC-96A4-EF9EF42931DF}"
EndProject
Project("{FAE04EC0-301F-11D3-BF4B-00C04F79EFBC}") = "CoreConsoleApp", "CoreConsoleApp\CoreConsoleApp.csproj", "{FED7A316-0036-4F0F-A712-46F5E9E00D62}"
EndProject
Project("{FAE04EC0-301F-11D3-BF4B-00C04F79EFBC}") = "CoreWebApp", "CoreWebApp\CoreWebApp.csproj", "{FFE89FC5-1F02-40BF-9F32-D4855E43C7A7}"
EndProject
Project("{FAE04EC0-301F-11D3-BF4B-00C04F79EFBC}") = "FrameworkConsoleApp", "FrameworkConsoleApp\FrameworkConsoleApp.csproj", "{BEB8A063-0E8D-46ED-97C1-5595BC21E426}"
EndProject
Project("{FAE04EC0-301F-11D3-BF4B-00C04F79EFBC}") = "FrameworkWebApp", "FrameworkWebApp\FrameworkWebApp.csproj", "{E11986E7-46AA-4102-822D-E9455904199F}"
EndProject
Global
	GlobalSection(SolutionConfigurationPlatforms) = preSolution
		Debug|Any CPU = Debug|Any CPU
		Release|Any CPU = Release|Any CPU
	EndGlobalSection
	GlobalSection(ProjectConfigurationPlatforms) = postSolution
		{AB024E75-3EAF-4812-A9FC-4F0E981F126E}.Debug|Any CPU.ActiveCfg = Debug|Any CPU
		{AB024E75-3EAF-4812-A9FC-4F0E981F126E}.Debug|Any CPU.Build.0 = Debug|Any CPU
		{AB024E75-3EAF-4812-A9FC-4F0E981F126E}.Release|Any CPU.ActiveCfg = Release|Any CPU
		{AB024E75-3EAF-4812-A9FC-4F0E981F126E}.Release|Any CPU.Build.0 = Release|Any CPU
		{B1D059D2-70B9-4491-93D1-7473F034F3FA}.Debug|Any CPU.ActiveCfg = Debug|Any CPU
		{B1D059D2-70B9-4491-93D1-7473F034F3FA}.Debug|Any CPU.Build.0 = Debug|Any CPU
		{B1D059D2-70B9-4491-93D1-7473F034F3FA}.Release|Any CPU.ActiveCfg = Release|Any CPU
		{B1D059D2-70B9-4491-93D1-7473F034F3FA}.Release|Any CPU.Build.0 = Release|Any CPU
		{E65CC741-F9EB-4BEC-96A4-EF9EF42931DF}.Debug|Any CPU.ActiveCfg = Debug|Any CPU
		{E65CC741-F9EB-4BEC-96A4-EF9EF42931DF}.Debug|Any CPU.Build.0 = Debug|Any CPU
		{E65CC741-F9EB-4BEC-96A4-EF9EF42931DF}.Release|Any CPU.ActiveCfg = Release|Any CPU
		{E65CC741-F9EB-4BEC-96A4-EF9EF42931DF}.Release|Any CPU.Build.0 = Release|Any CPU
		{FED7A316-0036-4F0F-A712-46F5E9E00D62}.Debug|Any CPU.ActiveCfg = Debug|Any CPU
		{FED7A316-0036-4F0F-A712-46F5E9E00D62}.Debug|Any CPU.Build.0 = Debug|Any CPU
		{FED7A316-0036-4F0F-A712-46F5E9E00D62}.Release|Any CPU.ActiveCfg = Release|Any CPU
		{FED7A316-0036-4F0F-A712-46F5E9E00D62}.Release|Any CPU.Build.0 = Release|Any CPU
		{FFE89FC5-1F02-40BF-9F32-D4855E43C7A7}.Debug|Any CPU.ActiveCfg = Debug|Any CPU
		{FFE89FC5-1F02-40BF-9F32-D4855E43C7A7}.Debug|Any CPU.Build.0 = Debug|Any CPU
		{FFE89FC5-1F02-40BF-9F32-D4855E43C7A7}.Release|Any CPU.ActiveCfg = Release|Any CPU
		{FFE89FC5-1F02-40BF-9F32-D4855E43C7A7}.Release|Any CPU.Build.0 = Release|Any CPU
		{BEB8A063-0E8D-46ED-97C1-5595BC21E426}.Debug|Any CPU.ActiveCfg = Debug|Any CPU
		{BEB8A063-0E8D-46ED-97C1-5595BC21E426}.Debug|Any CPU.Build.0 = Debug|Any CPU
		{BEB8A063-0E8D-46ED-97C1-5595BC21E426}.Release|Any CPU.ActiveCfg = Release|Any CPU
		{BEB8A063-0E8D-46ED-97C1-5595BC21E426}.Release|Any CPU.Build.0 = Release|Any CPU
		{E11986E7-46AA-4102-822D-E9455904199F}.Debug|Any CPU.ActiveCfg = Debug|Any CPU
		{E11986E7-46AA-4102-822D-E9455904199F}.Debug|Any CPU.Build.0 = Debug|Any CPU
		{E11986E7-46AA-4102-822D-E9455904199F}.Release|Any CPU.ActiveCfg = Release|Any CPU
		{E11986E7-46AA-4102-822D-E9455904199F}.Release|Any CPU.Build.0 = Release|Any CPU
	EndGlobalSection
	GlobalSection(SolutionProperties) = preSolution
		HideSolutionNode = FALSE
	EndGlobalSection
	GlobalSection(ExtensibilityGlobals) = postSolution
		SolutionGuid = {3A8ABB6C-A719-4650-9858-94E1A574ACBA}
	EndGlobalSection
EndGlobal
